
Microsoft Visual Studio Solution File, Format Version 12.00
Project("{FAE04EC0-301F-11D3-BF4B-00C04F79EFBC}") = "Trabajo-Final-Programacion", "Trabajo-Final-Programacion\Trabajo-Final-Programacion.csproj", "{4130A285-008C-4DAF-947A-ADE183CCF82E}"
EndProject
Global
	GlobalSection(SolutionConfigurationPlatforms) = preSolution
		Debug|Any CPU = Debug|Any CPU
		Release|Any CPU = Release|Any CPU
	EndGlobalSection
	GlobalSection(ProjectConfigurationPlatforms) = postSolution
		{4130A285-008C-4DAF-947A-ADE183CCF82E}.Debug|Any CPU.ActiveCfg = Debug|Any CPU
		{4130A285-008C-4DAF-947A-ADE183CCF82E}.Debug|Any CPU.Build.0 = Debug|Any CPU
		{4130A285-008C-4DAF-947A-ADE183CCF82E}.Release|Any CPU.ActiveCfg = Release|Any CPU
		{4130A285-008C-4DAF-947A-ADE183CCF82E}.Release|Any CPU.Build.0 = Release|Any CPU
	EndGlobalSection
EndGlobal
